
Microsoft Visual Studio Solution File, Format Version 12.00
# Visual Studio 15
Project("{FAE04EC0-301F-11D3-BF4B-00C04F79EFBC}") = "Assembly-CSharp-Editor", "Assembly-CSharp-Editor.csproj", "{D722F1F2-5C11-AF7E-A921-348716DF4E66}"
EndProject
Project("{FAE04EC0-301F-11D3-BF4B-00C04F79EFBC}") = "Assembly-CSharp", "Assembly-CSharp.csproj", "{923C81E3-EB25-A458-18B0-79E0DEE44756}"
EndProject
Global
	GlobalSection(SolutionConfigurationPlatforms) = preSolution
		Debug|Any CPU = Debug|Any CPU
		Release|Any CPU = Release|Any CPU
	EndGlobalSection
	GlobalSection(ProjectConfigurationPlatforms) = postSolution
		{D722F1F2-5C11-AF7E-A921-348716DF4E66}.Debug|Any CPU.ActiveCfg = Debug|Any CPU
		{D722F1F2-5C11-AF7E-A921-348716DF4E66}.Debug|Any CPU.Build.0 = Debug|Any CPU
		{D722F1F2-5C11-AF7E-A921-348716DF4E66}.Release|Any CPU.ActiveCfg = Release|Any CPU
		{D722F1F2-5C11-AF7E-A921-348716DF4E66}.Release|Any CPU.Build.0 = Release|Any CPU
		{923C81E3-EB25-A458-18B0-79E0DEE44756}.Debug|Any CPU.ActiveCfg = Debug|Any CPU
		{923C81E3-EB25-A458-18B0-79E0DEE44756}.Debug|Any CPU.Build.0 = Debug|Any CPU
		{923C81E3-EB25-A458-18B0-79E0DEE44756}.Release|Any CPU.ActiveCfg = Release|Any CPU
		{923C81E3-EB25-A458-18B0-79E0DEE44756}.Release|Any CPU.Build.0 = Release|Any CPU
	EndGlobalSection
	GlobalSection(SolutionProperties) = preSolution
		HideSolutionNode = FALSE
	EndGlobalSection
EndGlobal
