
Microsoft Visual Studio Solution File, Format Version 12.00
# Visual Studio 15
Project("{FAE04EC0-301F-11D3-BF4B-00C04F79EFBC}") = "CFXRRuntime", "CFXRRuntime.csproj", "{2506AA1F-61F3-CA04-4933-E5087100AD53}"
EndProject
Project("{FAE04EC0-301F-11D3-BF4B-00C04F79EFBC}") = "Assembly-CSharp", "Assembly-CSharp.csproj", "{923C81E3-EB25-A458-18B0-79E0DEE44756}"
EndProject
Project("{FAE04EC0-301F-11D3-BF4B-00C04F79EFBC}") = "CFXRDemo", "CFXRDemo.csproj", "{0B3B2DEE-FBBA-A7BD-EAEC-C8CE81AA1750}"
EndProject
Project("{FAE04EC0-301F-11D3-BF4B-00C04F79EFBC}") = "CFXREditor", "CFXREditor.csproj", "{49963ABB-BE0C-3CE4-1982-FA9F543E00CE}"
EndProject
Project("{FAE04EC0-301F-11D3-BF4B-00C04F79EFBC}") = "Assembly-CSharp-Editor", "Assembly-CSharp-Editor.csproj", "{D722F1F2-5C11-AF7E-A921-348716DF4E66}"
EndProject
Project("{FAE04EC0-301F-11D3-BF4B-00C04F79EFBC}") = "KinoBloom.Runtime", "KinoBloom.Runtime.csproj", "{008FC9AD-0995-75F8-1D50-D967F307CAA2}"
EndProject
Project("{FAE04EC0-301F-11D3-BF4B-00C04F79EFBC}") = "CFXR.WelcomeScreen", "CFXR.WelcomeScreen.csproj", "{6CC2C115-3A28-D80C-C292-4FD806F69800}"
EndProject
Project("{FAE04EC0-301F-11D3-BF4B-00C04F79EFBC}") = "ToonyColorsPro.Demo.Editor", "ToonyColorsPro.Demo.Editor.csproj", "{EE352B88-7D71-E6AD-3700-EFD3CC56B04F}"
EndProject
Global
	GlobalSection(SolutionConfigurationPlatforms) = preSolution
		Debug|Any CPU = Debug|Any CPU
		Release|Any CPU = Release|Any CPU
	EndGlobalSection
	GlobalSection(ProjectConfigurationPlatforms) = postSolution
		{2506AA1F-61F3-CA04-4933-E5087100AD53}.Debug|Any CPU.ActiveCfg = Debug|Any CPU
		{2506AA1F-61F3-CA04-4933-E5087100AD53}.Debug|Any CPU.Build.0 = Debug|Any CPU
		{2506AA1F-61F3-CA04-4933-E5087100AD53}.Release|Any CPU.ActiveCfg = Release|Any CPU
		{2506AA1F-61F3-CA04-4933-E5087100AD53}.Release|Any CPU.Build.0 = Release|Any CPU
		{923C81E3-EB25-A458-18B0-79E0DEE44756}.Debug|Any CPU.ActiveCfg = Debug|Any CPU
		{923C81E3-EB25-A458-18B0-79E0DEE44756}.Debug|Any CPU.Build.0 = Debug|Any CPU
		{923C81E3-EB25-A458-18B0-79E0DEE44756}.Release|Any CPU.ActiveCfg = Release|Any CPU
		{923C81E3-EB25-A458-18B0-79E0DEE44756}.Release|Any CPU.Build.0 = Release|Any CPU
		{0B3B2DEE-FBBA-A7BD-EAEC-C8CE81AA1750}.Debug|Any CPU.ActiveCfg = Debug|Any CPU
		{0B3B2DEE-FBBA-A7BD-EAEC-C8CE81AA1750}.Debug|Any CPU.Build.0 = Debug|Any CPU
		{0B3B2DEE-FBBA-A7BD-EAEC-C8CE81AA1750}.Release|Any CPU.ActiveCfg = Release|Any CPU
		{0B3B2DEE-FBBA-A7BD-EAEC-C8CE81AA1750}.Release|Any CPU.Build.0 = Release|Any CPU
		{49963ABB-BE0C-3CE4-1982-FA9F543E00CE}.Debug|Any CPU.ActiveCfg = Debug|Any CPU
		{49963ABB-BE0C-3CE4-1982-FA9F543E00CE}.Debug|Any CPU.Build.0 = Debug|Any CPU
		{49963ABB-BE0C-3CE4-1982-FA9F543E00CE}.Release|Any CPU.ActiveCfg = Release|Any CPU
		{49963ABB-BE0C-3CE4-1982-FA9F543E00CE}.Release|Any CPU.Build.0 = Release|Any CPU
		{D722F1F2-5C11-AF7E-A921-348716DF4E66}.Debug|Any CPU.ActiveCfg = Debug|Any CPU
		{D722F1F2-5C11-AF7E-A921-348716DF4E66}.Debug|Any CPU.Build.0 = Debug|Any CPU
		{D722F1F2-5C11-AF7E-A921-348716DF4E66}.Release|Any CPU.ActiveCfg = Release|Any CPU
		{D722F1F2-5C11-AF7E-A921-348716DF4E66}.Release|Any CPU.Build.0 = Release|Any CPU
		{008FC9AD-0995-75F8-1D50-D967F307CAA2}.Debug|Any CPU.ActiveCfg = Debug|Any CPU
		{008FC9AD-0995-75F8-1D50-D967F307CAA2}.Debug|Any CPU.Build.0 = Debug|Any CPU
		{008FC9AD-0995-75F8-1D50-D967F307CAA2}.Release|Any CPU.ActiveCfg = Release|Any CPU
		{008FC9AD-0995-75F8-1D50-D967F307CAA2}.Release|Any CPU.Build.0 = Release|Any CPU
		{6CC2C115-3A28-D80C-C292-4FD806F69800}.Debug|Any CPU.ActiveCfg = Debug|Any CPU
		{6CC2C115-3A28-D80C-C292-4FD806F69800}.Debug|Any CPU.Build.0 = Debug|Any CPU
		{6CC2C115-3A28-D80C-C292-4FD806F69800}.Release|Any CPU.ActiveCfg = Release|Any CPU
		{6CC2C115-3A28-D80C-C292-4FD806F69800}.Release|Any CPU.Build.0 = Release|Any CPU
		{EE352B88-7D71-E6AD-3700-EFD3CC56B04F}.Debug|Any CPU.ActiveCfg = Debug|Any CPU
		{EE352B88-7D71-E6AD-3700-EFD3CC56B04F}.Debug|Any CPU.Build.0 = Debug|Any CPU
		{EE352B88-7D71-E6AD-3700-EFD3CC56B04F}.Release|Any CPU.ActiveCfg = Release|Any CPU
		{EE352B88-7D71-E6AD-3700-EFD3CC56B04F}.Release|Any CPU.Build.0 = Release|Any CPU
	EndGlobalSection
	GlobalSection(SolutionProperties) = preSolution
		HideSolutionNode = FALSE
	EndGlobalSection
EndGlobal
